
Microsoft Visual Studio Solution File, Format Version 12.00
# Visual Studio Version 17
VisualStudioVersion = 17.11.35219.272
MinimumVisualStudioVersion = 10.0.40219.1
Project("{FAE04EC0-301F-11D3-BF4B-00C04F79EFBC}") = "MainErpIntegration", "MainErpIntegration.csproj", "{3DC284CE-6572-439D-ADA3-E703FF8498B6}"
	ProjectSection(ProjectDependencies) = postProject
		{C8949C7C-0BA7-4C67-9271-369302D50F99} = {C8949C7C-0BA7-4C67-9271-369302D50F99}
		{CF63B172-99E9-461C-A1AF-1EEAD6CE1E76} = {CF63B172-99E9-461C-A1AF-1EEAD6CE1E76}
		{D0BF1FBB-5251-40F0-945C-C9B7414E1746} = {D0BF1FBB-5251-40F0-945C-C9B7414E1746}
		{D71F9DEB-D38B-4F23-B57C-7E9F2D01F243} = {D71F9DEB-D38B-4F23-B57C-7E9F2D01F243}
	EndProjectSection
EndProject
Project("{FAE04EC0-301F-11D3-BF4B-00C04F79EFBC}") = "PaintManager", "PainManager\PaintManager.csproj", "{C8949C7C-0BA7-4C67-9271-369302D50F99}"
EndProject
Project("{FAE04EC0-301F-11D3-BF4B-00C04F79EFBC}") = "InvApp", "InvApp\InvApp.csproj", "{D0BF1FBB-5251-40F0-945C-C9B7414E1746}"
EndProject
Project("{FAE04EC0-301F-11D3-BF4B-00C04F79EFBC}") = "WUtils", "WUtils\WUtils.csproj", "{CF63B172-99E9-461C-A1AF-1EEAD6CE1E76}"
EndProject
Project("{FAE04EC0-301F-11D3-BF4B-00C04F79EFBC}") = "CadModelProperties", "CadModelProperties\CadModelProperties.csproj", "{D71F9DEB-D38B-4F23-B57C-7E9F2D01F243}"
EndProject
Global
	GlobalSection(SolutionConfigurationPlatforms) = preSolution
		Debug|Any CPU = Debug|Any CPU
		Release|Any CPU = Release|Any CPU
	EndGlobalSection
	GlobalSection(ProjectConfigurationPlatforms) = postSolution
		{3DC284CE-6572-439D-ADA3-E703FF8498B6}.Debug|Any CPU.ActiveCfg = Debug|Any CPU
		{3DC284CE-6572-439D-ADA3-E703FF8498B6}.Debug|Any CPU.Build.0 = Debug|Any CPU
		{3DC284CE-6572-439D-ADA3-E703FF8498B6}.Release|Any CPU.ActiveCfg = Release|Any CPU
		{3DC284CE-6572-439D-ADA3-E703FF8498B6}.Release|Any CPU.Build.0 = Release|Any CPU
		{C8949C7C-0BA7-4C67-9271-369302D50F99}.Debug|Any CPU.ActiveCfg = Debug|Any CPU
		{C8949C7C-0BA7-4C67-9271-369302D50F99}.Debug|Any CPU.Build.0 = Debug|Any CPU
		{C8949C7C-0BA7-4C67-9271-369302D50F99}.Release|Any CPU.ActiveCfg = Release|Any CPU
		{C8949C7C-0BA7-4C67-9271-369302D50F99}.Release|Any CPU.Build.0 = Release|Any CPU
		{D0BF1FBB-5251-40F0-945C-C9B7414E1746}.Debug|Any CPU.ActiveCfg = Debug|Any CPU
		{D0BF1FBB-5251-40F0-945C-C9B7414E1746}.Debug|Any CPU.Build.0 = Debug|Any CPU
		{D0BF1FBB-5251-40F0-945C-C9B7414E1746}.Release|Any CPU.ActiveCfg = Release|Any CPU
		{D0BF1FBB-5251-40F0-945C-C9B7414E1746}.Release|Any CPU.Build.0 = Release|Any CPU
		{CF63B172-99E9-461C-A1AF-1EEAD6CE1E76}.Debug|Any CPU.ActiveCfg = Debug|Any CPU
		{CF63B172-99E9-461C-A1AF-1EEAD6CE1E76}.Debug|Any CPU.Build.0 = Debug|Any CPU
		{CF63B172-99E9-461C-A1AF-1EEAD6CE1E76}.Release|Any CPU.ActiveCfg = Release|Any CPU
		{CF63B172-99E9-461C-A1AF-1EEAD6CE1E76}.Release|Any CPU.Build.0 = Release|Any CPU
		{D71F9DEB-D38B-4F23-B57C-7E9F2D01F243}.Debug|Any CPU.ActiveCfg = Debug|Any CPU
		{D71F9DEB-D38B-4F23-B57C-7E9F2D01F243}.Debug|Any CPU.Build.0 = Debug|Any CPU
		{D71F9DEB-D38B-4F23-B57C-7E9F2D01F243}.Release|Any CPU.ActiveCfg = Release|Any CPU
		{D71F9DEB-D38B-4F23-B57C-7E9F2D01F243}.Release|Any CPU.Build.0 = Release|Any CPU
	EndGlobalSection
	GlobalSection(SolutionProperties) = preSolution
		HideSolutionNode = FALSE
	EndGlobalSection
	GlobalSection(ExtensibilityGlobals) = postSolution
		SolutionGuid = {FEE39CF5-B354-4014-BA68-6E51E4E94D81}
	EndGlobalSection
EndGlobal
